
Microsoft Visual Studio Solution File, Format Version 12.00
# Visual Studio Version 16
VisualStudioVersion = 16.0.32002.261
MinimumVisualStudioVersion = 10.0.40219.1
Project("{FAE04EC0-301F-11D3-BF4B-00C04F79EFBC}") = "Fifa2023", "Fifa2023.csproj", "{888E4340-1189-4226-B4EA-9D55EC7AFFA8}"
EndProject
Global
	GlobalSection(SolutionConfigurationPlatforms) = preSolution
		Debug|Any CPU = Debug|Any CPU
		Release|Any CPU = Release|Any CPU
	EndGlobalSection
	GlobalSection(ProjectConfigurationPlatforms) = postSolution
		{888E4340-1189-4226-B4EA-9D55EC7AFFA8}.Debug|Any CPU.ActiveCfg = Debug|Any CPU
		{888E4340-1189-4226-B4EA-9D55EC7AFFA8}.Debug|Any CPU.Build.0 = Debug|Any CPU
		{888E4340-1189-4226-B4EA-9D55EC7AFFA8}.Release|Any CPU.ActiveCfg = Release|Any CPU
		{888E4340-1189-4226-B4EA-9D55EC7AFFA8}.Release|Any CPU.Build.0 = Release|Any CPU
	EndGlobalSection
	GlobalSection(SolutionProperties) = preSolution
		HideSolutionNode = FALSE
	EndGlobalSection
	GlobalSection(ExtensibilityGlobals) = postSolution
		SolutionGuid = {C3DE2084-83B8-4093-8D50-952A4528223A}
	EndGlobalSection
EndGlobal
